dependencies:
- name: rabbitmq
  repository: https://charts.bitnami.com/bitnami/
  version: 7.6.*
- name: minio
  repository: https://helm.min.io/
  version: 5.0.32
- name: postgresql
  repository: https://charts.bitnami.com/bitnami/
  version: 8.3.*
digest: sha256:f4890c62cb23a87e121411cc3872bd099b1bd164e04e46371e149c7c048197ea
generated: "2021-01-08T09:54:51.995584-06:00"
